
Microsoft Visual Studio Solution File, Format Version 11.00
# Visual Studio 2010
Project("{FAE04EC0-301F-11D3-BF4B-00C04F79EFBC}") = "Assembly-CSharp", "Assembly-CSharp.csproj", "{feb9d089-e649-6b02-a1d4-a36c558416f5}"
EndProject
Project("{FAE04EC0-301F-11D3-BF4B-00C04F79EFBC}") = "GWS.CommandPattern", "GWS.CommandPattern.csproj", "{7f705f0f-3759-40b6-9d9d-8273f46109e7}"
EndProject
Project("{FAE04EC0-301F-11D3-BF4B-00C04F79EFBC}") = "Framework.UI.Runtime", "Framework.UI.Runtime.csproj", "{47465933-17ac-9e6a-6ed9-21382662dafa}"
EndProject
Project("{FAE04EC0-301F-11D3-BF4B-00C04F79EFBC}") = "GWS.Player.Runtime", "GWS.Player.Runtime.csproj", "{7188534b-09e0-5beb-11ab-1cd6811e33bc}"
EndProject
Project("{FAE04EC0-301F-11D3-BF4B-00C04F79EFBC}") = "GWSOld", "GWSOld.csproj", "{77fc723e-9bf3-f480-94ae-7a1c763f11e0}"
EndProject
Project("{FAE04EC0-301F-11D3-BF4B-00C04F79EFBC}") = "GWS.UI", "GWS.UI.csproj", "{6ad8a9a6-3aad-c2be-2738-421fa10f4324}"
EndProject
Project("{FAE04EC0-301F-11D3-BF4B-00C04F79EFBC}") = "Mushakushi.UIAddons.Editor", "Mushakushi.UIAddons.Editor.csproj", "{c985acfc-c7f9-1536-b9de-1f2128c28f01}"
EndProject
Project("{FAE04EC0-301F-11D3-BF4B-00C04F79EFBC}") = "GWS.HydrogenCollection", "GWS.HydrogenCollection.csproj", "{024e710b-90ce-b04e-fe2a-9547586c4528}"
EndProject
Project("{FAE04EC0-301F-11D3-BF4B-00C04F79EFBC}") = "GWS.GeneralRelativitySimulation", "GWS.GeneralRelativitySimulation.csproj", "{768ca8a1-1999-732d-943e-09349a6ddb76}"
EndProject
Project("{FAE04EC0-301F-11D3-BF4B-00C04F79EFBC}") = "TrinarySoftware.MEC", "TrinarySoftware.MEC.csproj", "{a70122eb-7dae-1eb5-918e-c6be50cdc733}"
EndProject
Project("{FAE04EC0-301F-11D3-BF4B-00C04F79EFBC}") = "GWS.HydrogenCollectionUI", "GWS.HydrogenCollectionUI.csproj", "{45348f55-0df6-e583-3c71-38a69bff2fb4}"
EndProject
Project("{FAE04EC0-301F-11D3-BF4B-00C04F79EFBC}") = "GWS.Input", "GWS.Input.csproj", "{44d9eb11-f32a-aca8-e2f6-5664aca1d5e5}"
EndProject
Project("{FAE04EC0-301F-11D3-BF4B-00C04F79EFBC}") = "GWS.Coroutines", "GWS.Coroutines.csproj", "{871a54b5-ba25-acc4-d146-4f7ba3a68050}"
EndProject
Project("{FAE04EC0-301F-11D3-BF4B-00C04F79EFBC}") = "GWS.GeneralRelativity", "GWS.GeneralRelativity.csproj", "{f03b121b-b4d8-4af4-eaa4-32e1610fcd9a}"
EndProject
Project("{FAE04EC0-301F-11D3-BF4B-00C04F79EFBC}") = "Assembly-CSharp-Editor", "Assembly-CSharp-Editor.csproj", "{05cdbe3d-0166-298b-568a-534a8c3a3cf1}"
EndProject
Project("{FAE04EC0-301F-11D3-BF4B-00C04F79EFBC}") = "GWS.Character.Runtime", "GWS.Character.Runtime.csproj", "{37d84d6b-891d-79fe-6205-f4f0c79ae309}"
EndProject
Project("{FAE04EC0-301F-11D3-BF4B-00C04F79EFBC}") = "GWS.SceneManagement", "GWS.SceneManagement.csproj", "{4f6ac138-04f8-a82c-66ef-0432bf9869df}"
EndProject
Project("{FAE04EC0-301F-11D3-BF4B-00C04F79EFBC}") = "GWS.Timing", "GWS.Timing.csproj", "{404f39b2-3672-e72d-39b4-7be66cd8501b}"
EndProject
Project("{FAE04EC0-301F-11D3-BF4B-00C04F79EFBC}") = "GWS.MeshDeformation", "GWS.MeshDeformation.csproj", "{e7b5757c-9575-fa20-8905-48349e94d19e}"
EndProject
Global
	GlobalSection(SolutionConfigurationPlatforms) = preSolution
		Debug|Any CPU = Debug|Any CPU
	EndGlobalSection
	GlobalSection(ProjectConfigurationPlatforms) = postSolution
		{feb9d089-e649-6b02-a1d4-a36c558416f5}.Debug|Any CPU.ActiveCfg = Debug|Any CPU
		{feb9d089-e649-6b02-a1d4-a36c558416f5}.Debug|Any CPU.Build.0 = Debug|Any CPU
		{7f705f0f-3759-40b6-9d9d-8273f46109e7}.Debug|Any CPU.ActiveCfg = Debug|Any CPU
		{7f705f0f-3759-40b6-9d9d-8273f46109e7}.Debug|Any CPU.Build.0 = Debug|Any CPU
		{47465933-17ac-9e6a-6ed9-21382662dafa}.Debug|Any CPU.ActiveCfg = Debug|Any CPU
		{47465933-17ac-9e6a-6ed9-21382662dafa}.Debug|Any CPU.Build.0 = Debug|Any CPU
		{7188534b-09e0-5beb-11ab-1cd6811e33bc}.Debug|Any CPU.ActiveCfg = Debug|Any CPU
		{7188534b-09e0-5beb-11ab-1cd6811e33bc}.Debug|Any CPU.Build.0 = Debug|Any CPU
		{77fc723e-9bf3-f480-94ae-7a1c763f11e0}.Debug|Any CPU.ActiveCfg = Debug|Any CPU
		{77fc723e-9bf3-f480-94ae-7a1c763f11e0}.Debug|Any CPU.Build.0 = Debug|Any CPU
		{6ad8a9a6-3aad-c2be-2738-421fa10f4324}.Debug|Any CPU.ActiveCfg = Debug|Any CPU
		{6ad8a9a6-3aad-c2be-2738-421fa10f4324}.Debug|Any CPU.Build.0 = Debug|Any CPU
		{c985acfc-c7f9-1536-b9de-1f2128c28f01}.Debug|Any CPU.ActiveCfg = Debug|Any CPU
		{c985acfc-c7f9-1536-b9de-1f2128c28f01}.Debug|Any CPU.Build.0 = Debug|Any CPU
		{024e710b-90ce-b04e-fe2a-9547586c4528}.Debug|Any CPU.ActiveCfg = Debug|Any CPU
		{024e710b-90ce-b04e-fe2a-9547586c4528}.Debug|Any CPU.Build.0 = Debug|Any CPU
		{768ca8a1-1999-732d-943e-09349a6ddb76}.Debug|Any CPU.ActiveCfg = Debug|Any CPU
		{768ca8a1-1999-732d-943e-09349a6ddb76}.Debug|Any CPU.Build.0 = Debug|Any CPU
		{a70122eb-7dae-1eb5-918e-c6be50cdc733}.Debug|Any CPU.ActiveCfg = Debug|Any CPU
		{a70122eb-7dae-1eb5-918e-c6be50cdc733}.Debug|Any CPU.Build.0 = Debug|Any CPU
		{45348f55-0df6-e583-3c71-38a69bff2fb4}.Debug|Any CPU.ActiveCfg = Debug|Any CPU
		{45348f55-0df6-e583-3c71-38a69bff2fb4}.Debug|Any CPU.Build.0 = Debug|Any CPU
		{44d9eb11-f32a-aca8-e2f6-5664aca1d5e5}.Debug|Any CPU.ActiveCfg = Debug|Any CPU
		{44d9eb11-f32a-aca8-e2f6-5664aca1d5e5}.Debug|Any CPU.Build.0 = Debug|Any CPU
		{871a54b5-ba25-acc4-d146-4f7ba3a68050}.Debug|Any CPU.ActiveCfg = Debug|Any CPU
		{871a54b5-ba25-acc4-d146-4f7ba3a68050}.Debug|Any CPU.Build.0 = Debug|Any CPU
		{f03b121b-b4d8-4af4-eaa4-32e1610fcd9a}.Debug|Any CPU.ActiveCfg = Debug|Any CPU
		{f03b121b-b4d8-4af4-eaa4-32e1610fcd9a}.Debug|Any CPU.Build.0 = Debug|Any CPU
		{05cdbe3d-0166-298b-568a-534a8c3a3cf1}.Debug|Any CPU.ActiveCfg = Debug|Any CPU
		{05cdbe3d-0166-298b-568a-534a8c3a3cf1}.Debug|Any CPU.Build.0 = Debug|Any CPU
		{37d84d6b-891d-79fe-6205-f4f0c79ae309}.Debug|Any CPU.ActiveCfg = Debug|Any CPU
		{37d84d6b-891d-79fe-6205-f4f0c79ae309}.Debug|Any CPU.Build.0 = Debug|Any CPU
		{4f6ac138-04f8-a82c-66ef-0432bf9869df}.Debug|Any CPU.ActiveCfg = Debug|Any CPU
		{4f6ac138-04f8-a82c-66ef-0432bf9869df}.Debug|Any CPU.Build.0 = Debug|Any CPU
		{404f39b2-3672-e72d-39b4-7be66cd8501b}.Debug|Any CPU.ActiveCfg = Debug|Any CPU
		{404f39b2-3672-e72d-39b4-7be66cd8501b}.Debug|Any CPU.Build.0 = Debug|Any CPU
		{e7b5757c-9575-fa20-8905-48349e94d19e}.Debug|Any CPU.ActiveCfg = Debug|Any CPU
		{e7b5757c-9575-fa20-8905-48349e94d19e}.Debug|Any CPU.Build.0 = Debug|Any CPU
	EndGlobalSection
	GlobalSection(SolutionProperties) = preSolution
		HideSolutionNode = FALSE
	EndGlobalSection
EndGlobal
