
Microsoft Visual Studio Solution File, Format Version 11.00
# Visual Studio 2010
Project("{FAE04EC0-301F-11D3-BF4B-00C04F79EFBC}") = "Assembly-CSharp", "Assembly-CSharp.csproj", "{feb9d089-e649-6b02-a1d4-a36c558416f5}"
EndProject
Project("{FAE04EC0-301F-11D3-BF4B-00C04F79EFBC}") = "Assembly-CSharp-Editor", "Assembly-CSharp-Editor.csproj", "{05cdbe3d-0166-298b-568a-534a8c3a3cf1}"
EndProject
Global
	GlobalSection(SolutionConfigurationPlatforms) = preSolution
		Debug|Any CPU = Debug|Any CPU
	EndGlobalSection
	GlobalSection(ProjectConfigurationPlatforms) = postSolution
		{feb9d089-e649-6b02-a1d4-a36c558416f5}.Debug|Any CPU.ActiveCfg = Debug|Any CPU
		{feb9d089-e649-6b02-a1d4-a36c558416f5}.Debug|Any CPU.Build.0 = Debug|Any CPU
		{05cdbe3d-0166-298b-568a-534a8c3a3cf1}.Debug|Any CPU.ActiveCfg = Debug|Any CPU
		{05cdbe3d-0166-298b-568a-534a8c3a3cf1}.Debug|Any CPU.Build.0 = Debug|Any CPU
	EndGlobalSection
	GlobalSection(SolutionProperties) = preSolution
		HideSolutionNode = FALSE
	EndGlobalSection
EndGlobal
